
Microsoft Visual Studio Solution File, Format Version 12.00
# Visual Studio Version 17
VisualStudioVersion = 17.14.36414.22
MinimumVisualStudioVersion = 10.0.40219.1
Project("{FAE04EC0-301F-11D3-BF4B-00C04F79EFBC}") = "BabyLog", "BabyLog\BabyLog.csproj", "{6F3D3DAA-9D3D-474F-AA55-1413A74F5C71}"
EndProject
Project("{FAE04EC0-301F-11D3-BF4B-00C04F79EFBC}") = "APITest", "APITest\APITest.csproj", "{CC8261F8-6B5B-4CE9-9650-36C91B38E100}"
EndProject
Project("{FAE04EC0-301F-11D3-BF4B-00C04F79EFBC}") = "BatchImport", "BatchImport\BatchImport.csproj", "{CA04D41A-6BCE-4764-8688-D8D75682D793}"
EndProject
Global
	GlobalSection(SolutionConfigurationPlatforms) = preSolution
		Debug|Any CPU = Debug|Any CPU
		Release|Any CPU = Release|Any CPU
	EndGlobalSection
	GlobalSection(ProjectConfigurationPlatforms) = postSolution
		{6F3D3DAA-9D3D-474F-AA55-1413A74F5C71}.Debug|Any CPU.ActiveCfg = Debug|Any CPU
		{6F3D3DAA-9D3D-474F-AA55-1413A74F5C71}.Debug|Any CPU.Build.0 = Debug|Any CPU
		{6F3D3DAA-9D3D-474F-AA55-1413A74F5C71}.Release|Any CPU.ActiveCfg = Release|Any CPU
		{6F3D3DAA-9D3D-474F-AA55-1413A74F5C71}.Release|Any CPU.Build.0 = Release|Any CPU
		{CC8261F8-6B5B-4CE9-9650-36C91B38E100}.Debug|Any CPU.ActiveCfg = Debug|Any CPU
		{CC8261F8-6B5B-4CE9-9650-36C91B38E100}.Debug|Any CPU.Build.0 = Debug|Any CPU
		{CC8261F8-6B5B-4CE9-9650-36C91B38E100}.Release|Any CPU.ActiveCfg = Release|Any CPU
		{CC8261F8-6B5B-4CE9-9650-36C91B38E100}.Release|Any CPU.Build.0 = Release|Any CPU
		{CA04D41A-6BCE-4764-8688-D8D75682D793}.Debug|Any CPU.ActiveCfg = Debug|Any CPU
		{CA04D41A-6BCE-4764-8688-D8D75682D793}.Debug|Any CPU.Build.0 = Debug|Any CPU
		{CA04D41A-6BCE-4764-8688-D8D75682D793}.Release|Any CPU.ActiveCfg = Release|Any CPU
		{CA04D41A-6BCE-4764-8688-D8D75682D793}.Release|Any CPU.Build.0 = Release|Any CPU
	EndGlobalSection
	GlobalSection(SolutionProperties) = preSolution
		HideSolutionNode = FALSE
	EndGlobalSection
	GlobalSection(ExtensibilityGlobals) = postSolution
		SolutionGuid = {204F87BD-CA3B-46AC-914C-0CF13BD316D2}
	EndGlobalSection
EndGlobal
